// !$*UTF8*$!
{
	archiveVersion = 1;
	classes = {
	};
	objectVersion = 46;
	objects = {

/* Begin PBXBuildFile section */
		065CDFF37765093086248E70 /* Pods_realmsearchview.framework in Frameworks */ = {isa = PBXBuildFile; fileRef = 3683778E1B5B0BCD82B94FC4 /* Pods_realmsearchview.framework */; };
		EEE3E8EB1D7E8A8900DAEBE8 /* AppDelegate.swift in Sources */ = {isa = PBXBuildFile; fileRef = EEE3E8EA1D7E8A8900DAEBE8 /* AppDelegate.swift */; };
		EEE3E8ED1D7E8A8900DAEBE8 /* ViewController.swift in Sources */ = {isa = PBXBuildFile; fileRef = EEE3E8EC1D7E8A8900DAEBE8 /* ViewController.swift */; };
		EEE3E8F01D7E8A8900DAEBE8 /* Main.storyboard in Resources */ = {isa = PBXBuildFile; fileRef = EEE3E8EE1D7E8A8900DAEBE8 /* Main.storyboard */; };
		EEE3E8F21D7E8A8900DAEBE8 /* Assets.xcassets in Resources */ = {isa = PBXBuildFile; fileRef = EEE3E8F11D7E8A8900DAEBE8 /* Assets.xcassets */; };
		EEE3E8F51D7E8A8900DAEBE8 /* LaunchScreen.storyboard in Resources */ = {isa = PBXBuildFile; fileRef = EEE3E8F31D7E8A8900DAEBE8 /* LaunchScreen.storyboard */; };
/* End PBXBuildFile section */

/* Begin PBXFileReference section */
		3683778E1B5B0BCD82B94FC4 /* Pods_realmsearchview.framework */ = {isa = PBXFileReference; explicitFileType = wrapper.framework; includeInIndex = 0; path = Pods_realmsearchview.framework; sourceTree = BUILT_PRODUCTS_DIR; };
		94CE07096614B1EF7E8ED9B7 /* Pods-realmsearchview.debug.xcconfig */ = {isa = PBXFileReference; includeInIndex = 1; lastKnownFileType = text.xcconfig; name = "Pods-realmsearchview.debug.xcconfig"; path = "Pods/Target Support Files/Pods-realmsearchview/Pods-realmsearchview.debug.xcconfig"; sourceTree = "<group>"; };
		C7AA57B5B335D3433EB76FDA /* Pods-realmsearchview.release.xcconfig */ = {isa = PBXFileReference; includeInIndex = 1; lastKnownFileType = text.xcconfig; name = "Pods-realmsearchview.release.xcconfig"; path = "Pods/Target Support Files/Pods-realmsearchview/Pods-realmsearchview.release.xcconfig"; sourceTree = "<group>"; };
		EEE3E8E71D7E8A8900DAEBE8 /* realmsearchview.app */ = {isa = PBXFileReference; explicitFileType = wrapper.application; includeInIndex = 0; path = realmsearchview.app; sourceTree = BUILT_PRODUCTS_DIR; };
		EEE3E8EA1D7E8A8900DAEBE8 /* AppDelegate.swift */ = {isa = PBXFileReference; lastKnownFileType = sourcecode.swift; path = AppDelegate.swift; sourceTree = "<group>"; };
		EEE3E8EC1D7E8A8900DAEBE8 /* ViewController.swift */ = {isa = PBXFileReference; lastKnownFileType = sourcecode.swift; path = ViewController.swift; sourceTree = "<group>"; };
		EEE3E8EF1D7E8A8900DAEBE8 /* Base */ = {isa = PBXFileReference; lastKnownFileType = file.storyboard; name = Base; path = Base.lproj/Main.storyboard; sourceTree = "<group>"; };
		EEE3E8F11D7E8A8900DAEBE8 /* Assets.xcassets */ = {isa = PBXFileReference; lastKnownFileType = folder.assetcatalog; path = Assets.xcassets; sourceTree = "<group>"; };
		EEE3E8F41D7E8A8900DAEBE8 /* Base */ = {isa = PBXFileReference; lastKnownFileType = file.storyboard; name = Base; path = Base.lproj/LaunchScreen.storyboard; sourceTree = "<group>"; };
		EEE3E8F61D7E8A8900DAEBE8 /* Info.plist */ = {isa = PBXFileReference; lastKnownFileType = text.plist.xml; path = Info.plist; sourceTree = "<group>"; };
/* End PBXFileReference section */

/* Begin PBXFrameworksBuildPhase section */
		EEE3E8E41D7E8A8900DAEBE8 /* Frameworks */ = {
			isa = PBXFrameworksBuildPhase;
			buildActionMask = 2147483647;
			files = (
				065CDFF37765093086248E70 /* Pods_realmsearchview.framework in Frameworks */,
			);
			runOnlyForDeploymentPostprocessing = 0;
		};
/* End PBXFrameworksBuildPhase section */

/* Begin PBXGroup section */
		412793BC2DB5EECC50DD5A1D /* Pods */ = {
			isa = PBXGroup;
			children = (
				94CE07096614B1EF7E8ED9B7 /* Pods-realmsearchview.debug.xcconfig */,
				C7AA57B5B335D3433EB76FDA /* Pods-realmsearchview.release.xcconfig */,
			);
			name = Pods;
			sourceTree = "<group>";
		};
		9153BA0B454B6147B9493960 /* Frameworks */ = {
			isa = PBXGroup;
			children = (
				3683778E1B5B0BCD82B94FC4 /* Pods_realmsearchview.framework */,
			);
			name = Frameworks;
			sourceTree = "<group>";
		};
		EEE3E8DE1D7E8A8900DAEBE8 = {
			isa = PBXGroup;
			children = (
				EEE3E8E91D7E8A8900DAEBE8 /* realmsearchview */,
				EEE3E8E81D7E8A8900DAEBE8 /* Products */,
				412793BC2DB5EECC50DD5A1D /* Pods */,
				9153BA0B454B6147B9493960 /* Frameworks */,
			);
			sourceTree = "<group>";
		};
		EEE3E8E81D7E8A8900DAEBE8 /* Products */ = {
			isa = PBXGroup;
			children = (
				EEE3E8E71D7E8A8900DAEBE8 /* realmsearchview.app */,
			);
			name = Products;
			sourceTree = "<group>";
		};
		EEE3E8E91D7E8A8900DAEBE8 /* realmsearchview */ = {
			isa = PBXGroup;
			children = (
				EEE3E8EA1D7E8A8900DAEBE8 /* AppDelegate.swift */,
				EEE3E8EC1D7E8A8900DAEBE8 /* ViewController.swift */,
				EEE3E8EE1D7E8A8900DAEBE8 /* Main.storyboard */,
				EEE3E8F11D7E8A8900DAEBE8 /* Assets.xcassets */,
				EEE3E8F31D7E8A8900DAEBE8 /* LaunchScreen.storyboard */,
				EEE3E8F61D7E8A8900DAEBE8 /* Info.plist */,
			);
			path = realmsearchview;
			sourceTree = "<group>";
		};
/* End PBXGroup section */

/* Begin PBXNativeTarget section */
		EEE3E8E61D7E8A8900DAEBE8 /* realmsearchview */ = {
			isa = PBXNativeTarget;
			buildConfigurationList = EEE3E8F91D7E8A8900DAEBE8 /* Build configuration list for PBXNativeTarget "realmsearchview" */;
			buildPhases = (
				6BBE5F6EF0C4180DD6538EAE /* [CP] Check Pods Manifest.lock */,
				EEE3E8E31D7E8A8900DAEBE8 /* Sources */,
				EEE3E8E41D7E8A8900DAEBE8 /* Frameworks */,
				EEE3E8E51D7E8A8900DAEBE8 /* Resources */,
				B229AC4474182216A11FE2ED /* [CP] Embed Pods Frameworks */,
				D2B6D2590D9490D3F7DFCE2B /* [CP] Copy Pods Resources */,
			);
			buildRules = (
			);
			dependencies = (
			);
			name = realmsearchview;
			productName = realmsearchview;
			productReference = EEE3E8E71D7E8A8900DAEBE8 /* realmsearchview.app */;
			productType = "com.apple.product-type.application";
		};
/* End PBXNativeTarget section */

/* Begin PBXProject section */
		EEE3E8DF1D7E8A8900DAEBE8 /* Project object */ = {
			isa = PBXProject;
			attributes = {
				LastSwiftUpdateCheck = 0730;
				LastUpgradeCheck = 0730;
				ORGANIZATIONNAME = Chotipat;
				TargetAttributes = {
					EEE3E8E61D7E8A8900DAEBE8 = {
						CreatedOnToolsVersion = 7.3.1;
						DevelopmentTeam = 9MF88L22LR;
					};
				};
			};
			buildConfigurationList = EEE3E8E21D7E8A8900DAEBE8 /* Build configuration list for PBXProject "realmsearchview" */;
			compatibilityVersion = "Xcode 3.2";
			developmentRegion = English;
			hasScannedForEncodings = 0;
			knownRegions = (
				en,
				Base,
			);
			mainGroup = EEE3E8DE1D7E8A8900DAEBE8;
			productRefGroup = EEE3E8E81D7E8A8900DAEBE8 /* Products */;
			projectDirPath = "";
			projectRoot = "";
			targets = (
				EEE3E8E61D7E8A8900DAEBE8 /* realmsearchview */,
			);
		};
/* End PBXProject section */

/* Begin PBXResourcesBuildPhase section */
		EEE3E8E51D7E8A8900DAEBE8 /* Resources */ = {
			isa = PBXResourcesBuildPhase;
			buildActionMask = 2147483647;
			files = (
				EEE3E8F51D7E8A8900DAEBE8 /* LaunchScreen.storyboard in Resources */,
				EEE3E8F21D7E8A8900DAEBE8 /* Assets.xcassets in Resources */,
				EEE3E8F01D7E8A8900DAEBE8 /* Main.storyboard in Resources */,
			);
			runOnlyForDeploymentPostprocessing = 0;
		};
/* End PBXResourcesBuildPhase section */

/* Begin PBXShellScriptBuildPhase section */
		6BBE5F6EF0C4180DD6538EAE /* [CP] Check Pods Manifest.lock */ = {
			isa = PBXShellScriptBuildPhase;
			buildActionMask = 2147483647;
			files = (
			);
			inputPaths = (
			);
			name = "[CP] Check Pods Manifest.lock";
			outputPaths = (
			);
			runOnlyForDeploymentPostprocessing = 0;
			shellPath = /bin/sh;
			shellScript = "diff \"${PODS_ROOT}/../Podfile.lock\" \"${PODS_ROOT}/Manifest.lock\" > /dev/null\nif [ $? != 0 ] ; then\n    # print error to STDERR\n    echo \"error: The sandbox is not in sync with the Podfile.lock. Run 'pod install' or update your CocoaPods installation.\" >&2\n    exit 1\nfi\n";
			showEnvVarsInLog = 0;
		};
		B229AC4474182216A11FE2ED /* [CP] Embed Pods Frameworks */ = {
			isa = PBXShellScriptBuildPhase;
			buildActionMask = 2147483647;
			files = (
			);
			inputPaths = (
			);
			name = "[CP] Embed Pods Frameworks";
			outputPaths = (
			);
			runOnlyForDeploymentPostprocessing = 0;
			shellPath = /bin/sh;
			shellScript = "\"${SRCROOT}/Pods/Target Support Files/Pods-realmsearchview/Pods-realmsearchview-frameworks.sh\"\n";
			showEnvVarsInLog = 0;
		};
		D2B6D2590D9490D3F7DFCE2B /* [CP] Copy Pods Resources */ = {
			isa = PBXShellScriptBuildPhase;
			buildActionMask = 2147483647;
			files = (
			);
			inputPaths = (
			);
			name = "[CP] Copy Pods Resources";
			outputPaths = (
			);
			runOnlyForDeploymentPostprocessing = 0;
			shellPath = /bin/sh;
			shellScript = "\"${SRCROOT}/Pods/Target Support Files/Pods-realmsearchview/Pods-realmsearchview-resources.sh\"\n";
			showEnvVarsInLog = 0;
		};
/* End PBXShellScriptBuildPhase section */

/* Begin PBXSourcesBuildPhase section */
		EEE3E8E31D7E8A8900DAEBE8 /* Sources */ = {
			isa = PBXSourcesBuildPhase;
			buildActionMask = 2147483647;
			files = (
				EEE3E8ED1D7E8A8900DAEBE8 /* ViewController.swift in Sources */,
				EEE3E8EB1D7E8A8900DAEBE8 /* AppDelegate.swift in Sources */,
			);
			runOnlyForDeploymentPostprocessing = 0;
		};
/* End PBXSourcesBuildPhase section */

/* Begin PBXVariantGroup section */
		EEE3E8EE1D7E8A8900DAEBE8 /* Main.storyboard */ = {
			isa = PBXVariantGroup;
			children = (
				EEE3E8EF1D7E8A8900DAEBE8 /* Base */,
			);
			name = Main.storyboard;
			sourceTree = "<group>";
		};
		EEE3E8F31D7E8A8900DAEBE8 /* LaunchScreen.storyboard */ = {
			isa = PBXVariantGroup;
			children = (
				EEE3E8F41D7E8A8900DAEBE8 /* Base */,
			);
			name = LaunchScreen.storyboard;
			sourceTree = "<group>";
		};
/* End PBXVariantGroup section */

/* Begin XCBuildConfiguration section */
		EEE3E8F71D7E8A8900DAEBE8 /* Debug */ = {
			isa = XCBuildConfiguration;
			buildSettings = {
				ALWAYS_SEARCH_USER_PATHS = NO;
				CLANG_ANALYZER_NONNULL = YES;
				CLANG_CXX_LANGUAGE_STANDARD = "gnu++0x";
				CLANG_CXX_LIBRARY = "libc++";
				CLANG_ENABLE_MODULES = YES;
				CLANG_ENABLE_OBJC_ARC = YES;
				CLANG_WARN_BOOL_CONVERSION = YES;
				CLANG_WARN_CONSTANT_CONVERSION = YES;
				CLANG_WARN_DIRECT_OBJC_ISA_USAGE = YES_ERROR;
				CLANG_WARN_EMPTY_BODY = YES;
				CLANG_WARN_ENUM_CONVERSION = YES;
				CLANG_WARN_INT_CONVERSION = YES;
				CLANG_WARN_OBJC_ROOT_CLASS = YES_ERROR;
				CLANG_WARN_UNREACHABLE_CODE = YES;
				CLANG_WARN__DUPLICATE_METHOD_MATCH = YES;
				"CODE_SIGN_IDENTITY[sdk=iphoneos*]" = "iPhone Developer";
				COPY_PHASE_STRIP = NO;
				DEBUG_INFORMATION_FORMAT = dwarf;
				ENABLE_STRICT_OBJC_MSGSEND = YES;
				ENABLE_TESTABILITY = YES;
				GCC_C_LANGUAGE_STANDARD = gnu99;
				GCC_DYNAMIC_NO_PIC = NO;
				GCC_NO_COMMON_BLOCKS = YES;
				GCC_OPTIMIZATION_LEVEL = 0;
				GCC_PREPROCESSOR_DEFINITIONS = (
					"DEBUG=1",
					"$(inherited)",
				);
				GCC_WARN_64_TO_32_BIT_CONVERSION = YES;
				GCC_WARN_ABOUT_RETURN_TYPE = YES_ERROR;
				GCC_WARN_UNDECLARED_SELECTOR = YES;
				GCC_WARN_UNINITIALIZED_AUTOS = YES_AGGRESSIVE;
				GCC_WARN_UNUSED_FUNCTION = YES;
				GCC_WARN_UNUSED_VARIABLE = YES;
				IPHONEOS_DEPLOYMENT_TARGET = 9.3;
				MTL_ENABLE_DEBUG_INFO = YES;
				ONLY_ACTIVE_ARCH = YES;
				SDKROOT = iphoneos;
				SWIFT_OPTIMIZATION_LEVEL = "-Onone";
			};
			name = Debug;
		};
		EEE3E8F81D7E8A8900DAEBE8 /* Release */ = {
			isa = XCBuildConfiguration;
			buildSettings = {
				ALWAYS_SEARCH_USER_PATHS = NO;
				CLANG_ANALYZER_NONNULL = YES;
				CLANG_CXX_LANGUAGE_STANDARD = "gnu++0x";
				CLANG_CXX_LIBRARY = "libc++";
				CLANG_ENABLE_MODULES = YES;
				CLANG_ENABLE_OBJC_ARC = YES;
				CLANG_WARN_BOOL_CONVERSION = YES;
				CLANG_WARN_CONSTANT_CONVERSION = YES;
				CLANG_WARN_DIRECT_OBJC_ISA_USAGE = YES_ERROR;
				CLANG_WARN_EMPTY_BODY = YES;
				CLANG_WARN_ENUM_CONVERSION = YES;
				CLANG_WARN_INT_CONVERSION = YES;
				CLANG_WARN_OBJC_ROOT_CLASS = YES_ERROR;
				CLANG_WARN_UNREACHABLE_CODE = YES;
				CLANG_WARN__DUPLICATE_METHOD_MATCH = YES;
				"CODE_SIGN_IDENTITY[sdk=iphoneos*]" = "iPhone Developer";
				COPY_PHASE_STRIP = NO;
				DEBUG_INFORMATION_FORMAT = "dwarf-with-dsym";
				ENABLE_NS_ASSERTIONS = NO;
				ENABLE_STRICT_OBJC_MSGSEND = YES;
				GCC_C_LANGUAGE_STANDARD = gnu99;
				GCC_NO_COMMON_BLOCKS = YES;
				GCC_WARN_64_TO_32_BIT_CONVERSION = YES;
				GCC_WARN_ABOUT_RETURN_TYPE = YES_ERROR;
				GCC_WARN_UNDECLARED_SELECTOR = YES;
				GCC_WARN_UNINITIALIZED_AUTOS = YES_AGGRESSIVE;
				GCC_WARN_UNUSED_FUNCTION = YES;
				GCC_WARN_UNUSED_VARIABLE = YES;
				IPHONEOS_DEPLOYMENT_TARGET = 9.3;
				MTL_ENABLE_DEBUG_INFO = NO;
				SDKROOT = iphoneos;
				VALIDATE_PRODUCT = YES;
			};
			name = Release;
		};
		EEE3E8FA1D7E8A8900DAEBE8 /* Debug */ = {
			isa = XCBuildConfiguration;
			baseConfigurationReference = 94CE07096614B1EF7E8ED9B7 /* Pods-realmsearchview.debug.xcconfig */;
			buildSettings = {
				ASSETCATALOG_COMPILER_APPICON_NAME = AppIcon;
				CODE_SIGN_IDENTITY = "iPhone Developer";
				"CODE_SIGN_IDENTITY[sdk=iphoneos*]" = "iPhone Developer";
				INFOPLIST_FILE = realmsearchview/Info.plist;
				LD_RUNPATH_SEARCH_PATHS = "$(inherited) @executable_path/Frameworks";
				PRODUCT_BUNDLE_IDENTIFIER = io.topclassic.realmsearchview;
				PRODUCT_NAME = "$(TARGET_NAME)";
				PROVISIONING_PROFILE = "";
			};
			name = Debug;
		};
		EEE3E8FB1D7E8A8900DAEBE8 /* Release */ = {
			isa = XCBuildConfiguration;
			baseConfigurationReference = C7AA57B5B335D3433EB76FDA /* Pods-realmsearchview.release.xcconfig */;
			buildSettings = {
				ASSETCATALOG_COMPILER_APPICON_NAME = AppIcon;
				CODE_SIGN_IDENTITY = "iPhone Developer";
				"CODE_SIGN_IDENTITY[sdk=iphoneos*]" = "iPhone Developer";
				INFOPLIST_FILE = realmsearchview/Info.plist;
				LD_RUNPATH_SEARCH_PATHS = "$(inherited) @executable_path/Frameworks";
				PRODUCT_BUNDLE_IDENTIFIER = io.topclassic.realmsearchview;
				PRODUCT_NAME = "$(TARGET_NAME)";
				PROVISIONING_PROFILE = "";
			};
			name = Release;
		};
/* End XCBuildConfiguration section */

/* Begin XCConfigurationList section */
		EEE3E8E21D7E8A8900DAEBE8 /* Build configuration list for PBXProject "realmsearchview" */ = {
			isa = XCConfigurationList;
			buildConfigurations = (
				EEE3E8F71D7E8A8900DAEBE8 /* Debug */,
				EEE3E8F81D7E8A8900DAEBE8 /* Release */,
			);
			defaultConfigurationIsVisible = 0;
			defaultConfigurationName = Release;
		};
		EEE3E8F91D7E8A8900DAEBE8 /* Build configuration list for PBXNativeTarget "realmsearchview" */ = {
			isa = XCConfigurationList;
			buildConfigurations = (
				EEE3E8FA1D7E8A8900DAEBE8 /* Debug */,
				EEE3E8FB1D7E8A8900DAEBE8 /* Release */,
			);
			defaultConfigurationIsVisible = 0;
			defaultConfigurationName = Release;
		};
/* End XCConfigurationList section */
	};
	rootObject = EEE3E8DF1D7E8A8900DAEBE8 /* Project object */;
}
